
Microsoft Visual Studio Solution File, Format Version 12.00
# Visual Studio 14
VisualStudioVersion = 14.0.23107.0
MinimumVisualStudioVersion = 10.0.40219.1
Project("{FAE04EC0-301F-11D3-BF4B-00C04F79EFBC}") = "One-QC", "One-QC\One-QC.csproj", "{1F1726C1-9661-462A-8070-34E373D12656}"
EndProject
Project("{2150E333-8FDC-42A3-9474-1A3956D46DE8}") = "Interface", "Interface", "{1C654FE4-CF4B-4580-91C6-DDD77049E30F}"
EndProject
Project("{2150E333-8FDC-42A3-9474-1A3956D46DE8}") = "Model", "Model", "{3FEDB2CB-F9B5-4BF8-A7F2-04A587B33F06}"
EndProject
Project("{2150E333-8FDC-42A3-9474-1A3956D46DE8}") = "Solution", "Solution", "{EFA16F8D-3301-4116-8890-E5CF38C1856E}"
EndProject
Global
	GlobalSection(SolutionConfigurationPlatforms) = preSolution
		Debug|Any CPU = Debug|Any CPU
		Release|Any CPU = Release|Any CPU
	EndGlobalSection
	GlobalSection(ProjectConfigurationPlatforms) = postSolution
		{1F1726C1-9661-462A-8070-34E373D12656}.Debug|Any CPU.ActiveCfg = Debug|Any CPU
		{1F1726C1-9661-462A-8070-34E373D12656}.Debug|Any CPU.Build.0 = Debug|Any CPU
		{1F1726C1-9661-462A-8070-34E373D12656}.Release|Any CPU.ActiveCfg = Release|Any CPU
		{1F1726C1-9661-462A-8070-34E373D12656}.Release|Any CPU.Build.0 = Release|Any CPU
	EndGlobalSection
	GlobalSection(SolutionProperties) = preSolution
		HideSolutionNode = FALSE
	EndGlobalSection
EndGlobal
